
Microsoft Visual Studio Solution File, Format Version 12.00
# Visual Studio 15
VisualStudioVersion = 15.0.27130.2026
MinimumVisualStudioVersion = 10.0.40219.1
Project("{F2A71F9B-5D33-465A-A702-920D77279786}") = "Agents", "Agents\Agents.fsproj", "{7DD1E56F-B3CF-4D3D-A1B0-4277F02660E4}"
EndProject
Global
	GlobalSection(SolutionConfigurationPlatforms) = preSolution
		Debug|Any CPU = Debug|Any CPU
		Release|Any CPU = Release|Any CPU
	EndGlobalSection
	GlobalSection(ProjectConfigurationPlatforms) = postSolution
		{7DD1E56F-B3CF-4D3D-A1B0-4277F02660E4}.Debug|Any CPU.ActiveCfg = Debug|Any CPU
		{7DD1E56F-B3CF-4D3D-A1B0-4277F02660E4}.Debug|Any CPU.Build.0 = Debug|Any CPU
		{7DD1E56F-B3CF-4D3D-A1B0-4277F02660E4}.Release|Any CPU.ActiveCfg = Release|Any CPU
		{7DD1E56F-B3CF-4D3D-A1B0-4277F02660E4}.Release|Any CPU.Build.0 = Release|Any CPU
	EndGlobalSection
	GlobalSection(SolutionProperties) = preSolution
		HideSolutionNode = FALSE
	EndGlobalSection
	GlobalSection(ExtensibilityGlobals) = postSolution
		SolutionGuid = {BD2D8A7A-8D0C-4A50-B9F9-302824F17AD9}
	EndGlobalSection
EndGlobal
